Microsoft Visual Studio Solution File, Format Version 12.00
# Visual Studio Version 16
VisualStudioVersion = 16.0.31515.178
MinimumVisualStudioVersion = 10.0.40219.1
Project("{2150E333-8FDC-42A3-9474-1A3956D46DE8}") = "CreationalDesignPatterns", "CreationalDesignPatterns", "{9B24A915-24CE-40A1-B376-DBFBFD6E112F}"
EndProject
Project("{2150E333-8FDC-42A3-9474-1A3956D46DE8}") = "StructuralDesignPatterns", "StructuralDesignPatterns", "{256E0C74-950F-45EA-9E55-8FF3AC5542DC}"
EndProject
Project("{2150E333-8FDC-42A3-9474-1A3956D46DE8}") = "BehavioralDesignPatterns", "BehavioralDesignPatterns", "{42EA5141-B21E-4786-A05E-DC891B2F105D}"
EndProject
Project("{9A19103F-16F7-4668-BE54-9A1E7A4F7556}") = "FactoryMethod", "FactoryMethod\FactoryMethod.csproj", "{D992C2C3-0CAC-4450-8CDC-F0245ECA6173}"
EndProject
Project("{9A19103F-16F7-4668-BE54-9A1E7A4F7556}") = "AbstractFactory", "AbstractFactory\AbstractFactory.csproj", "{50D43F80-330A-49BD-AD01-70C6106E6A60}"
EndProject
Project("{9A19103F-16F7-4668-BE54-9A1E7A4F7556}") = "Builder", "Builder\Builder.csproj", "{A533AFB1-24C5-4C04-A2F7-9823DF6D4D03}"
EndProject
Project("{9A19103F-16F7-4668-BE54-9A1E7A4F7556}") = "Prototype", "Prototype\Prototype.csproj", "{4BD1BE44-F6E3-456E-9631-2472982EE7C2}"
EndProject
Project("{9A19103F-16F7-4668-BE54-9A1E7A4F7556}") = "Singleton", "Singleton\Singleton.csproj", "{15FC09F0-8B16-489E-BB54-61D378BB37C8}"
EndProject
Project("{9A19103F-16F7-4668-BE54-9A1E7A4F7556}") = "Adapter", "Adapter\Adapter.csproj", "{E8367CE4-2625-4C70-8B71-778FCC60DE4C}"
EndProject
Project("{9A19103F-16F7-4668-BE54-9A1E7A4F7556}") = "Bridge", "Bridge\Bridge.csproj", "{B2D58243-87C7-4A64-A228-4994093FF244}"
EndProject
Project("{FAE04EC0-301F-11D3-BF4B-00C04F79EFBC}") = "Observer", "Observer\Observer.csproj", "{ACA7DC36-8D65-4316-A390-1C8A9BB311DD}"
EndProject
Global
	GlobalSection(SolutionConfigurationPlatforms) = preSolution
		Debug|Any CPU = Debug|Any CPU
		Release|Any CPU = Release|Any CPU
	EndGlobalSection
	GlobalSection(ProjectConfigurationPlatforms) = postSolution
		{D992C2C3-0CAC-4450-8CDC-F0245ECA6173}.Debug|Any CPU.ActiveCfg = Debug|Any CPU
		{D992C2C3-0CAC-4450-8CDC-F0245ECA6173}.Debug|Any CPU.Build.0 = Debug|Any CPU
		{D992C2C3-0CAC-4450-8CDC-F0245ECA6173}.Release|Any CPU.ActiveCfg = Release|Any CPU
		{D992C2C3-0CAC-4450-8CDC-F0245ECA6173}.Release|Any CPU.Build.0 = Release|Any CPU
		{50D43F80-330A-49BD-AD01-70C6106E6A60}.Debug|Any CPU.ActiveCfg = Debug|Any CPU
		{50D43F80-330A-49BD-AD01-70C6106E6A60}.Debug|Any CPU.Build.0 = Debug|Any CPU
		{50D43F80-330A-49BD-AD01-70C6106E6A60}.Release|Any CPU.ActiveCfg = Release|Any CPU
		{50D43F80-330A-49BD-AD01-70C6106E6A60}.Release|Any CPU.Build.0 = Release|Any CPU
		{A533AFB1-24C5-4C04-A2F7-9823DF6D4D03}.Debug|Any CPU.ActiveCfg = Debug|Any CPU
		{A533AFB1-24C5-4C04-A2F7-9823DF6D4D03}.Debug|Any CPU.Build.0 = Debug|Any CPU
		{A533AFB1-24C5-4C04-A2F7-9823DF6D4D03}.Release|Any CPU.ActiveCfg = Release|Any CPU
		{A533AFB1-24C5-4C04-A2F7-9823DF6D4D03}.Release|Any CPU.Build.0 = Release|Any CPU
		{4BD1BE44-F6E3-456E-9631-2472982EE7C2}.Debug|Any CPU.ActiveCfg = Debug|Any CPU
		{4BD1BE44-F6E3-456E-9631-2472982EE7C2}.Debug|Any CPU.Build.0 = Debug|Any CPU
		{4BD1BE44-F6E3-456E-9631-2472982EE7C2}.Release|Any CPU.ActiveCfg = Release|Any CPU
		{4BD1BE44-F6E3-456E-9631-2472982EE7C2}.Release|Any CPU.Build.0 = Release|Any CPU
		{15FC09F0-8B16-489E-BB54-61D378BB37C8}.Debug|Any CPU.ActiveCfg = Debug|Any CPU
		{15FC09F0-8B16-489E-BB54-61D378BB37C8}.Debug|Any CPU.Build.0 = Debug|Any CPU
		{15FC09F0-8B16-489E-BB54-61D378BB37C8}.Release|Any CPU.ActiveCfg = Release|Any CPU
		{15FC09F0-8B16-489E-BB54-61D378BB37C8}.Release|Any CPU.Build.0 = Release|Any CPU
		{E8367CE4-2625-4C70-8B71-778FCC60DE4C}.Debug|Any CPU.ActiveCfg = Debug|Any CPU
		{E8367CE4-2625-4C70-8B71-778FCC60DE4C}.Debug|Any CPU.Build.0 = Debug|Any CPU
		{E8367CE4-2625-4C70-8B71-778FCC60DE4C}.Release|Any CPU.ActiveCfg = Release|Any CPU
		{E8367CE4-2625-4C70-8B71-778FCC60DE4C}.Release|Any CPU.Build.0 = Release|Any CPU
		{B2D58243-87C7-4A64-A228-4994093FF244}.Debug|Any CPU.ActiveCfg = Debug|Any CPU
		{B2D58243-87C7-4A64-A228-4994093FF244}.Debug|Any CPU.Build.0 = Debug|Any CPU
		{B2D58243-87C7-4A64-A228-4994093FF244}.Release|Any CPU.ActiveCfg = Release|Any CPU
		{B2D58243-87C7-4A64-A228-4994093FF244}.Release|Any CPU.Build.0 = Release|Any CPU
		{ACA7DC36-8D65-4316-A390-1C8A9BB311DD}.Debug|Any CPU.ActiveCfg = Debug|Any CPU
		{ACA7DC36-8D65-4316-A390-1C8A9BB311DD}.Debug|Any CPU.Build.0 = Debug|Any CPU
		{ACA7DC36-8D65-4316-A390-1C8A9BB311DD}.Release|Any CPU.ActiveCfg = Release|Any CPU
		{ACA7DC36-8D65-4316-A390-1C8A9BB311DD}.Release|Any CPU.Build.0 = Release|Any CPU
	EndGlobalSection
	GlobalSection(SolutionProperties) = preSolution
		HideSolutionNode = FALSE
	EndGlobalSection
	GlobalSection(NestedProjects) = preSolution
		{D992C2C3-0CAC-4450-8CDC-F0245ECA6173} = {9B24A915-24CE-40A1-B376-DBFBFD6E112F}
		{50D43F80-330A-49BD-AD01-70C6106E6A60} = {9B24A915-24CE-40A1-B376-DBFBFD6E112F}
		{A533AFB1-24C5-4C04-A2F7-9823DF6D4D03} = {9B24A915-24CE-40A1-B376-DBFBFD6E112F}
		{4BD1BE44-F6E3-456E-9631-2472982EE7C2} = {9B24A915-24CE-40A1-B376-DBFBFD6E112F}
		{15FC09F0-8B16-489E-BB54-61D378BB37C8} = {9B24A915-24CE-40A1-B376-DBFBFD6E112F}
		{E8367CE4-2625-4C70-8B71-778FCC60DE4C} = {256E0C74-950F-45EA-9E55-8FF3AC5542DC}
		{B2D58243-87C7-4A64-A228-4994093FF244} = {256E0C74-950F-45EA-9E55-8FF3AC5542DC}
		{ACA7DC36-8D65-4316-A390-1C8A9BB311DD} = {42EA5141-B21E-4786-A05E-DC891B2F105D}
	EndGlobalSection
	GlobalSection(ExtensibilityGlobals) = postSolution
		SolutionGuid = {F0E339AB-90C1-49CE-B675-1979B4F683AD}
	EndGlobalSection
EndGlobal
